schema: '2.0'
stages:
  load_data:
    cmd: python src/stage_01_load_save.py --config=config/config.yaml
    deps:
    - path: config/config.yaml
      md5: 81be20bfa4d32418d0e6922bc28b9b7f
      size: 204
    - path: src/stage_01_load_save.py
      md5: b4863e342502407ddaafdd8f513d9310
      size: 1008
    - path: src/utils/all_utils.py
      md5: 4eb38b746594942104ced43b1a37062d
      size: 326
    outs:
    - path: artifacts/raw_local_dir/data.csv
      md5: 5c33bd2c9a20152b080d3ae7ee0542b6
      size: 91999
